
Microsoft Visual Studio Solution File, Format Version 12.00
# Visual Studio 15
VisualStudioVersion = 15.0.27130.2036
MinimumVisualStudioVersion = 10.0.40219.1
Project("{FAE04EC0-301F-11D3-BF4B-00C04F79EFBC}") = "StackProrgam", "StackProrgam.csproj", "{6682778B-3245-4EB3-B6A2-FFA8F8CCE29A}"
EndProject
Project("{FAE04EC0-301F-11D3-BF4B-00C04F79EFBC}") = "StackTests", "..\StackTests\StackTests.csproj", "{8C67BAFF-AB37-4BC5-AA0F-5263CA0A2072}"
EndProject
Global
	GlobalSection(SolutionConfigurationPlatforms) = preSolution
		Debug|Any CPU = Debug|Any CPU
		Release|Any CPU = Release|Any CPU
	EndGlobalSection
	GlobalSection(ProjectConfigurationPlatforms) = postSolution
		{6682778B-3245-4EB3-B6A2-FFA8F8CCE29A}.Debug|Any CPU.ActiveCfg = Debug|Any CPU
		{6682778B-3245-4EB3-B6A2-FFA8F8CCE29A}.Debug|Any CPU.Build.0 = Debug|Any CPU
		{6682778B-3245-4EB3-B6A2-FFA8F8CCE29A}.Release|Any CPU.ActiveCfg = Release|Any CPU
		{6682778B-3245-4EB3-B6A2-FFA8F8CCE29A}.Release|Any CPU.Build.0 = Release|Any CPU
		{8C67BAFF-AB37-4BC5-AA0F-5263CA0A2072}.Debug|Any CPU.ActiveCfg = Debug|Any CPU
		{8C67BAFF-AB37-4BC5-AA0F-5263CA0A2072}.Debug|Any CPU.Build.0 = Debug|Any CPU
		{8C67BAFF-AB37-4BC5-AA0F-5263CA0A2072}.Release|Any CPU.ActiveCfg = Release|Any CPU
		{8C67BAFF-AB37-4BC5-AA0F-5263CA0A2072}.Release|Any CPU.Build.0 = Release|Any CPU
	EndGlobalSection
	GlobalSection(SolutionProperties) = preSolution
		HideSolutionNode = FALSE
	EndGlobalSection
	GlobalSection(ExtensibilityGlobals) = postSolution
		SolutionGuid = {53E96D7E-279B-4E4F-9069-765A643797AB}
	EndGlobalSection
EndGlobal
