
Microsoft Visual Studio Solution File, Format Version 12.00
# Visual Studio 15
VisualStudioVersion = 15.0.27130.2036
MinimumVisualStudioVersion = 10.0.40219.1
Project("{FAE04EC0-301F-11D3-BF4B-00C04F79EFBC}") = "ListProgram", "ListProgram.csproj", "{FC4FB8BD-B34F-414E-868F-231CABB7827D}"
EndProject
Project("{FAE04EC0-301F-11D3-BF4B-00C04F79EFBC}") = "ListTests", "..\ListTests\ListTests.csproj", "{E3B97A25-8B39-4DC2-B50A-9415329B2C8E}"
EndProject
Global
	GlobalSection(SolutionConfigurationPlatforms) = preSolution
		Debug|Any CPU = Debug|Any CPU
		Release|Any CPU = Release|Any CPU
	EndGlobalSection
	GlobalSection(ProjectConfigurationPlatforms) = postSolution
		{FC4FB8BD-B34F-414E-868F-231CABB7827D}.Debug|Any CPU.ActiveCfg = Debug|Any CPU
		{FC4FB8BD-B34F-414E-868F-231CABB7827D}.Debug|Any CPU.Build.0 = Debug|Any CPU
		{FC4FB8BD-B34F-414E-868F-231CABB7827D}.Release|Any CPU.ActiveCfg = Release|Any CPU
		{FC4FB8BD-B34F-414E-868F-231CABB7827D}.Release|Any CPU.Build.0 = Release|Any CPU
		{E3B97A25-8B39-4DC2-B50A-9415329B2C8E}.Debug|Any CPU.ActiveCfg = Debug|Any CPU
		{E3B97A25-8B39-4DC2-B50A-9415329B2C8E}.Debug|Any CPU.Build.0 = Debug|Any CPU
		{E3B97A25-8B39-4DC2-B50A-9415329B2C8E}.Release|Any CPU.ActiveCfg = Release|Any CPU
		{E3B97A25-8B39-4DC2-B50A-9415329B2C8E}.Release|Any CPU.Build.0 = Release|Any CPU
	EndGlobalSection
	GlobalSection(SolutionProperties) = preSolution
		HideSolutionNode = FALSE
	EndGlobalSection
	GlobalSection(ExtensibilityGlobals) = postSolution
		SolutionGuid = {84827A43-7718-4AA3-8BD5-4B4D39666B08}
	EndGlobalSection
EndGlobal
