
Microsoft Visual Studio Solution File, Format Version 12.00
# Visual Studio 15
VisualStudioVersion = 15.0.28010.2041
MinimumVisualStudioVersion = 10.0.40219.1
Project("{9A19103F-16F7-4668-BE54-9A1E7A4F7556}") = "СomputationMath", "СomputationMath\СomputationMath.csproj", "{C5BF500C-9171-4825-AF29-B716930CB5D8}"
EndProject
Global
	GlobalSection(SolutionConfigurationPlatforms) = preSolution
		Debug|Any CPU = Debug|Any CPU
		Release|Any CPU = Release|Any CPU
	EndGlobalSection
	GlobalSection(ProjectConfigurationPlatforms) = postSolution
		{C5BF500C-9171-4825-AF29-B716930CB5D8}.Debug|Any CPU.ActiveCfg = Debug|Any CPU
		{C5BF500C-9171-4825-AF29-B716930CB5D8}.Debug|Any CPU.Build.0 = Debug|Any CPU
		{C5BF500C-9171-4825-AF29-B716930CB5D8}.Release|Any CPU.ActiveCfg = Release|Any CPU
		{C5BF500C-9171-4825-AF29-B716930CB5D8}.Release|Any CPU.Build.0 = Release|Any CPU
	EndGlobalSection
	GlobalSection(SolutionProperties) = preSolution
		HideSolutionNode = FALSE
	EndGlobalSection
	GlobalSection(ExtensibilityGlobals) = postSolution
		SolutionGuid = {248ACDDB-486D-4E48-A342-4F499E8F59F3}
	EndGlobalSection
EndGlobal
